
Microsoft Visual Studio Solution File, Format Version 12.00
# Visual Studio Version 16
VisualStudioVersion = 16.0.32106.194
MinimumVisualStudioVersion = 10.0.40219.1
Project("{FAE04EC0-301F-11D3-BF4B-00C04F79EFBC}") = "App1", "App1\App1.csproj", "{31FB63A4-C82D-48DD-A658-068CB95598D2}"
EndProject
Global
	GlobalSection(SolutionConfigurationPlatforms) = preSolution
		Debug|Any CPU = Debug|Any CPU
		Release|Any CPU = Release|Any CPU
	EndGlobalSection
	GlobalSection(ProjectConfigurationPlatforms) = postSolution
		{31FB63A4-C82D-48DD-A658-068CB95598D2}.Debug|Any CPU.ActiveCfg = Debug|Any CPU
		{31FB63A4-C82D-48DD-A658-068CB95598D2}.Debug|Any CPU.Build.0 = Debug|Any CPU
		{31FB63A4-C82D-48DD-A658-068CB95598D2}.Release|Any CPU.ActiveCfg = Release|Any CPU
		{31FB63A4-C82D-48DD-A658-068CB95598D2}.Release|Any CPU.Build.0 = Release|Any CPU
	EndGlobalSection
	GlobalSection(SolutionProperties) = preSolution
		HideSolutionNode = FALSE
	EndGlobalSection
	GlobalSection(ExtensibilityGlobals) = postSolution
		SolutionGuid = {3974C48C-3089-4147-B7A8-1E2E02AEFA4D}
	EndGlobalSection
EndGlobal
